
Microsoft Visual Studio Solution File, Format Version 12.00
# Visual Studio 15
VisualStudioVersion = 15.0.26730.16
MinimumVisualStudioVersion = 10.0.40219.1
Project("{FAE04EC0-301F-11D3-BF4B-00C04F79EFBC}") = "ArraysExercise", "ArraysExercise\ArraysExercise.csproj", "{76B2B9BA-49FB-4679-B307-343213EEE661}"
EndProject
Project("{FAE04EC0-301F-11D3-BF4B-00C04F79EFBC}") = "RotateAndSum", "RotateAndSum\RotateAndSum.csproj", "{C23FDD9A-CF4A-46C6-B69E-B55CA92DBFE5}"
EndProject
Project("{FAE04EC0-301F-11D3-BF4B-00C04F79EFBC}") = "FoldAndSum", "FoldAndSum\FoldAndSum.csproj", "{84D6418F-8EFF-4A04-ACF8-C7A19A21AD73}"
EndProject
Project("{FAE04EC0-301F-11D3-BF4B-00C04F79EFBC}") = "SieveOfEratosthenes", "SieveOfEratosthenes\SieveOfEratosthenes.csproj", "{D6F50BD2-283E-412A-8554-3763D317E6EC}"
EndProject
Project("{FAE04EC0-301F-11D3-BF4B-00C04F79EFBC}") = "CompareCharArrays", "CompareCharArrays\CompareCharArrays.csproj", "{9AFE77A4-3DFE-49D0-AE4C-B60E5C5609C2}"
EndProject
Project("{FAE04EC0-301F-11D3-BF4B-00C04F79EFBC}") = "MaxSequenceOfEqualElements", "MaxSequenceOfEqualElements\MaxSequenceOfEqualElements.csproj", "{30A0B817-5E30-4EFC-97EE-7BF93579D5E9}"
EndProject
Project("{FAE04EC0-301F-11D3-BF4B-00C04F79EFBC}") = "MaxSequenceOfIncreasingElements", "MaxSequenceOfIncreasingElements\MaxSequenceOfIncreasingElements.csproj", "{FB2F1BB0-0FC0-4001-BE52-EAEA4AA0F264}"
EndProject
Project("{FAE04EC0-301F-11D3-BF4B-00C04F79EFBC}") = "MostFrequentNumber", "MostFrequentNumber\MostFrequentNumber.csproj", "{9968E6F2-EC08-47E4-8A5F-47381217E7B8}"
EndProject
Project("{FAE04EC0-301F-11D3-BF4B-00C04F79EFBC}") = "IndexOfLetters", "IndexOfLetters\IndexOfLetters.csproj", "{5E657A6C-F13C-4A09-82D8-EA18A174DEB6}"
EndProject
Project("{FAE04EC0-301F-11D3-BF4B-00C04F79EFBC}") = "PairsByDifference", "PairsByDifference\PairsByDifference.csproj", "{49A5861A-B58A-4AF5-9B20-01EF8586ABFC}"
EndProject
Project("{FAE04EC0-301F-11D3-BF4B-00C04F79EFBC}") = "EqualSums", "EqualSums\EqualSums.csproj", "{A2A874EC-98B3-434A-A5CD-98B38752E44E}"
EndProject
Global
	GlobalSection(SolutionConfigurationPlatforms) = preSolution
		Debug|Any CPU = Debug|Any CPU
		Release|Any CPU = Release|Any CPU
	EndGlobalSection
	GlobalSection(ProjectConfigurationPlatforms) = postSolution
		{76B2B9BA-49FB-4679-B307-343213EEE661}.Debug|Any CPU.ActiveCfg = Debug|Any CPU
		{76B2B9BA-49FB-4679-B307-343213EEE661}.Debug|Any CPU.Build.0 = Debug|Any CPU
		{76B2B9BA-49FB-4679-B307-343213EEE661}.Release|Any CPU.ActiveCfg = Release|Any CPU
		{76B2B9BA-49FB-4679-B307-343213EEE661}.Release|Any CPU.Build.0 = Release|Any CPU
		{C23FDD9A-CF4A-46C6-B69E-B55CA92DBFE5}.Debug|Any CPU.ActiveCfg = Debug|Any CPU
		{C23FDD9A-CF4A-46C6-B69E-B55CA92DBFE5}.Debug|Any CPU.Build.0 = Debug|Any CPU
		{C23FDD9A-CF4A-46C6-B69E-B55CA92DBFE5}.Release|Any CPU.ActiveCfg = Release|Any CPU
		{C23FDD9A-CF4A-46C6-B69E-B55CA92DBFE5}.Release|Any CPU.Build.0 = Release|Any CPU
		{84D6418F-8EFF-4A04-ACF8-C7A19A21AD73}.Debug|Any CPU.ActiveCfg = Debug|Any CPU
		{84D6418F-8EFF-4A04-ACF8-C7A19A21AD73}.Debug|Any CPU.Build.0 = Debug|Any CPU
		{84D6418F-8EFF-4A04-ACF8-C7A19A21AD73}.Release|Any CPU.ActiveCfg = Release|Any CPU
		{84D6418F-8EFF-4A04-ACF8-C7A19A21AD73}.Release|Any CPU.Build.0 = Release|Any CPU
		{D6F50BD2-283E-412A-8554-3763D317E6EC}.Debug|Any CPU.ActiveCfg = Debug|Any CPU
		{D6F50BD2-283E-412A-8554-3763D317E6EC}.Debug|Any CPU.Build.0 = Debug|Any CPU
		{D6F50BD2-283E-412A-8554-3763D317E6EC}.Release|Any CPU.ActiveCfg = Release|Any CPU
		{D6F50BD2-283E-412A-8554-3763D317E6EC}.Release|Any CPU.Build.0 = Release|Any CPU
		{9AFE77A4-3DFE-49D0-AE4C-B60E5C5609C2}.Debug|Any CPU.ActiveCfg = Debug|Any CPU
		{9AFE77A4-3DFE-49D0-AE4C-B60E5C5609C2}.Debug|Any CPU.Build.0 = Debug|Any CPU
		{9AFE77A4-3DFE-49D0-AE4C-B60E5C5609C2}.Release|Any CPU.ActiveCfg = Release|Any CPU
		{9AFE77A4-3DFE-49D0-AE4C-B60E5C5609C2}.Release|Any CPU.Build.0 = Release|Any CPU
		{30A0B817-5E30-4EFC-97EE-7BF93579D5E9}.Debug|Any CPU.ActiveCfg = Debug|Any CPU
		{30A0B817-5E30-4EFC-97EE-7BF93579D5E9}.Debug|Any CPU.Build.0 = Debug|Any CPU
		{30A0B817-5E30-4EFC-97EE-7BF93579D5E9}.Release|Any CPU.ActiveCfg = Release|Any CPU
		{30A0B817-5E30-4EFC-97EE-7BF93579D5E9}.Release|Any CPU.Build.0 = Release|Any CPU
		{FB2F1BB0-0FC0-4001-BE52-EAEA4AA0F264}.Debug|Any CPU.ActiveCfg = Debug|Any CPU
		{FB2F1BB0-0FC0-4001-BE52-EAEA4AA0F264}.Debug|Any CPU.Build.0 = Debug|Any CPU
		{FB2F1BB0-0FC0-4001-BE52-EAEA4AA0F264}.Release|Any CPU.ActiveCfg = Release|Any CPU
		{FB2F1BB0-0FC0-4001-BE52-EAEA4AA0F264}.Release|Any CPU.Build.0 = Release|Any CPU
		{9968E6F2-EC08-47E4-8A5F-47381217E7B8}.Debug|Any CPU.ActiveCfg = Debug|Any CPU
		{9968E6F2-EC08-47E4-8A5F-47381217E7B8}.Debug|Any CPU.Build.0 = Debug|Any CPU
		{9968E6F2-EC08-47E4-8A5F-47381217E7B8}.Release|Any CPU.ActiveCfg = Release|Any CPU
		{9968E6F2-EC08-47E4-8A5F-47381217E7B8}.Release|Any CPU.Build.0 = Release|Any CPU
		{5E657A6C-F13C-4A09-82D8-EA18A174DEB6}.Debug|Any CPU.ActiveCfg = Debug|Any CPU
		{5E657A6C-F13C-4A09-82D8-EA18A174DEB6}.Debug|Any CPU.Build.0 = Debug|Any CPU
		{5E657A6C-F13C-4A09-82D8-EA18A174DEB6}.Release|Any CPU.ActiveCfg = Release|Any CPU
		{5E657A6C-F13C-4A09-82D8-EA18A174DEB6}.Release|Any CPU.Build.0 = Release|Any CPU
		{49A5861A-B58A-4AF5-9B20-01EF8586ABFC}.Debug|Any CPU.ActiveCfg = Debug|Any CPU
		{49A5861A-B58A-4AF5-9B20-01EF8586ABFC}.Debug|Any CPU.Build.0 = Debug|Any CPU
		{49A5861A-B58A-4AF5-9B20-01EF8586ABFC}.Release|Any CPU.ActiveCfg = Release|Any CPU
		{49A5861A-B58A-4AF5-9B20-01EF8586ABFC}.Release|Any CPU.Build.0 = Release|Any CPU
		{A2A874EC-98B3-434A-A5CD-98B38752E44E}.Debug|Any CPU.ActiveCfg = Debug|Any CPU
		{A2A874EC-98B3-434A-A5CD-98B38752E44E}.Debug|Any CPU.Build.0 = Debug|Any CPU
		{A2A874EC-98B3-434A-A5CD-98B38752E44E}.Release|Any CPU.ActiveCfg = Release|Any CPU
		{A2A874EC-98B3-434A-A5CD-98B38752E44E}.Release|Any CPU.Build.0 = Release|Any CPU
	EndGlobalSection
	GlobalSection(SolutionProperties) = preSolution
		HideSolutionNode = FALSE
	EndGlobalSection
	GlobalSection(ExtensibilityGlobals) = postSolution
		SolutionGuid = {475F97E7-05F8-4023-9AD1-1E3C28F4E659}
	EndGlobalSection
EndGlobal
